{
    "_readme": [
        "This file locks the dependencies of your project to a known state",
        "Read more about it at https://getcomposer.org/doc/01-basic-usage.md#composer-lock-the-lock-file",
        "This file is @generated automatically"
    ],
    "content-hash": "579ecf6849d1f79273a9f2ca2e1dd79b",
    "packages": [
        {
            "name": "dbip/api-client",
            "version": "2018-03-29",
            "dist": {
                "type": "zip",
                "url": "https://github.com/dbip/api-client/archive/eb4e4f0f7a91d620d356a140767ade114ca947df.zip",
                "reference": null,
                "shasum": null
            },
            "type": "library",
            "autoload": {
                "classmap": [
                    "dbip-client.class.php"
                ]
            }
        }
    ],
    "packages-dev": [],
    "aliases": [],
    "minimum-stability": "stable",
    "stability-flags": [],
    "prefer-stable": false,
    "prefer-lowest": false,
    "platform": [],
    "platform-dev": []
}
